// !$*UTF8*$!
{
	archiveVersion = 1;
	classes = {
	};
	objectVersion = 46;
	objects = {

/* Begin PBXBuildFile section */
		CD7823F618F9BEAA000E618B /* Foundation.framework in Frameworks */ = {isa = PBXBuildFile; fileRef = CD7823F518F9BEAA000E618B /* Foundation.framework */; };
		CD7823F818F9BEAA000E618B /* CoreGraphics.framework in Frameworks */ = {isa = PBXBuildFile; fileRef = CD7823F718F9BEAA000E618B /* CoreGraphics.framework */; };
		CD7823FA18F9BEAA000E618B /* UIKit.framework in Frameworks */ = {isa = PBXBuildFile; fileRef = CD7823F918F9BEAA000E618B /* UIKit.framework */; };
		CD78240018F9BEAA000E618B /* InfoPlist.strings in Resources */ = {isa = PBXBuildFile; fileRef = CD7823FE18F9BEAA000E618B /* InfoPlist.strings */; };
		CD78240218F9BEAA000E618B /* main.m in Sources */ = {isa = PBXBuildFile; fileRef = CD78240118F9BEAA000E618B /* main.m */; };
		CD78240618F9BEAA000E618B /* GAAppDelegate.m in Sources */ = {isa = PBXBuildFile; fileRef = CD78240518F9BEAA000E618B /* GAAppDelegate.m */; };
		CD78240918F9BEAA000E618B /* Main_iPhone.storyboard in Resources */ = {isa = PBXBuildFile; fileRef = CD78240718F9BEAA000E618B /* Main_iPhone.storyboard */; };
		CD78240C18F9BEAA000E618B /* Main_iPad.storyboard in Resources */ = {isa = PBXBuildFile; fileRef = CD78240A18F9BEAA000E618B /* Main_iPad.storyboard */; };
		CD78240F18F9BEAA000E618B /* GAViewController.m in Sources */ = {isa = PBXBuildFile; fileRef = CD78240E18F9BEAA000E618B /* GAViewController.m */; };
		CD78241118F9BEAA000E618B /* Images.xcassets in Resources */ = {isa = PBXBuildFile; fileRef = CD78241018F9BEAA000E618B /* Images.xcassets */; };
		CD78241818F9BEAA000E618B /* XCTest.framework in Frameworks */ = {isa = PBXBuildFile; fileRef = CD78241718F9BEAA000E618B /* XCTest.framework */; };
		CD78241918F9BEAA000E618B /* Foundation.framework in Frameworks */ = {isa = PBXBuildFile; fileRef = CD7823F518F9BEAA000E618B /* Foundation.framework */; };
		CD78241A18F9BEAA000E618B /* UIKit.framework in Frameworks */ = {isa = PBXBuildFile; fileRef = CD7823F918F9BEAA000E618B /* UIKit.framework */; };
		CD78242218F9BEAA000E618B /* InfoPlist.strings in Resources */ = {isa = PBXBuildFile; fileRef = CD78242018F9BEAA000E618B /* InfoPlist.strings */; };
		CD78242418F9BEAA000E618B /* GATestProjectTests.m in Sources */ = {isa = PBXBuildFile; fileRef = CD78242318F9BEAA000E618B /* GATestProjectTests.m */; };
/* End PBXBuildFile section */

/* Begin PBXContainerItemProxy section */
		CD78241B18F9BEAA000E618B /* PBXContainerItemProxy */ = {
			isa = PBXContainerItemProxy;
			containerPortal = CD7823EA18F9BEAA000E618B /* Project object */;
			proxyType = 1;
			remoteGlobalIDString = CD7823F118F9BEAA000E618B;
			remoteInfo = GATestProject;
		};
/* End PBXContainerItemProxy section */

/* Begin PBXFileReference section */
		CD7823F218F9BEAA000E618B /* GATestProject.app */ = {isa = PBXFileReference; explicitFileType = wrapper.application; includeInIndex = 0; path = GATestProject.app; sourceTree = BUILT_PRODUCTS_DIR; };
		CD7823F518F9BEAA000E618B /* Foundation.framework */ = {isa = PBXFileReference; lastKnownFileType = wrapper.framework; name = Foundation.framework; path = System/Library/Frameworks/Foundation.framework; sourceTree = SDKROOT; };
		CD7823F718F9BEAA000E618B /* CoreGraphics.framework */ = {isa = PBXFileReference; lastKnownFileType = wrapper.framework; name = CoreGraphics.framework; path = System/Library/Frameworks/CoreGraphics.framework; sourceTree = SDKROOT; };
		CD7823F918F9BEAA000E618B /* UIKit.framework */ = {isa = PBXFileReference; lastKnownFileType = wrapper.framework; name = UIKit.framework; path = System/Library/Frameworks/UIKit.framework; sourceTree = SDKROOT; };
		CD7823FD18F9BEAA000E618B /* GATestProject-Info.plist */ = {isa = PBXFileReference; lastKnownFileType = text.plist.xml; path = "GATestProject-Info.plist"; sourceTree = "<group>"; };
		CD7823FF18F9BEAA000E618B /* en */ = {isa = PBXFileReference; lastKnownFileType = text.plist.strings; name = en; path = en.lproj/InfoPlist.strings; sourceTree = "<group>"; };
		CD78240118F9BEAA000E618B /* main.m */ = {isa = PBXFileReference; lastKnownFileType = sourcecode.c.objc; path = main.m; sourceTree = "<group>"; };
		CD78240318F9BEAA000E618B /* GATestProject-Prefix.pch */ = {isa = PBXFileReference; lastKnownFileType = sourcecode.c.h; path = "GATestProject-Prefix.pch"; sourceTree = "<group>"; };
		CD78240418F9BEAA000E618B /* GAAppDelegate.h */ = {isa = PBXFileReference; lastKnownFileType = sourcecode.c.h; path = GAAppDelegate.h; sourceTree = "<group>"; };
		CD78240518F9BEAA000E618B /* GAAppDelegate.m */ = {isa = PBXFileReference; lastKnownFileType = sourcecode.c.objc; path = GAAppDelegate.m; sourceTree = "<group>"; };
		CD78240818F9BEAA000E618B /* Base */ = {isa = PBXFileReference; lastKnownFileType = file.storyboard; name = Base; path = Base.lproj/Main_iPhone.storyboard; sourceTree = "<group>"; };
		CD78240B18F9BEAA000E618B /* Base */ = {isa = PBXFileReference; lastKnownFileType = file.storyboard; name = Base; path = Base.lproj/Main_iPad.storyboard; sourceTree = "<group>"; };
		CD78240D18F9BEAA000E618B /* GAViewController.h */ = {isa = PBXFileReference; lastKnownFileType = sourcecode.c.h; path = GAViewController.h; sourceTree = "<group>"; };
		CD78240E18F9BEAA000E618B /* GAViewController.m */ = {isa = PBXFileReference; lastKnownFileType = sourcecode.c.objc; path = GAViewController.m; sourceTree = "<group>"; };
		CD78241018F9BEAA000E618B /* Images.xcassets */ = {isa = PBXFileReference; lastKnownFileType = folder.assetcatalog; path = Images.xcassets; sourceTree = "<group>"; };
		CD78241618F9BEAA000E618B /* GATestProjectTests.xctest */ = {isa = PBXFileReference; explicitFileType = wrapper.cfbundle; includeInIndex = 0; path = GATestProjectTests.xctest; sourceTree = BUILT_PRODUCTS_DIR; };
		CD78241718F9BEAA000E618B /* XCTest.framework */ = {isa = PBXFileReference; lastKnownFileType = wrapper.framework; name = XCTest.framework; path = Library/Frameworks/XCTest.framework; sourceTree = DEVELOPER_DIR; };
		CD78241F18F9BEAA000E618B /* GATestProjectTests-Info.plist */ = {isa = PBXFileReference; lastKnownFileType = text.plist.xml; path = "GATestProjectTests-Info.plist"; sourceTree = "<group>"; };
		CD78242118F9BEAA000E618B /* en */ = {isa = PBXFileReference; lastKnownFileType = text.plist.strings; name = en; path = en.lproj/InfoPlist.strings; sourceTree = "<group>"; };
		CD78242318F9BEAA000E618B /* GATestProjectTests.m */ = {isa = PBXFileReference; lastKnownFileType = sourcecode.c.objc; path = GATestProjectTests.m; sourceTree = "<group>"; };
/* End PBXFileReference section */

/* Begin PBXFrameworksBuildPhase section */
		CD7823EF18F9BEAA000E618B /* Frameworks */ = {
			isa = PBXFrameworksBuildPhase;
			buildActionMask = 2147483647;
			files = (
				CD7823F818F9BEAA000E618B /* CoreGraphics.framework in Frameworks */,
				CD7823FA18F9BEAA000E618B /* UIKit.framework in Frameworks */,
				CD7823F618F9BEAA000E618B /* Foundation.framework in Frameworks */,
			);
			runOnlyForDeploymentPostprocessing = 0;
		};
		CD78241318F9BEAA000E618B /* Frameworks */ = {
			isa = PBXFrameworksBuildPhase;
			buildActionMask = 2147483647;
			files = (
				CD78241818F9BEAA000E618B /* XCTest.framework in Frameworks */,
				CD78241A18F9BEAA000E618B /* UIKit.framework in Frameworks */,
				CD78241918F9BEAA000E618B /* Foundation.framework in Frameworks */,
			);
			runOnlyForDeploymentPostprocessing = 0;
		};
/* End PBXFrameworksBuildPhase section */

/* Begin PBXGroup section */
		CD7823E918F9BEAA000E618B = {
			isa = PBXGroup;
			children = (
				CD7823FB18F9BEAA000E618B /* GATestProject */,
				CD78241D18F9BEAA000E618B /* GATestProjectTests */,
				CD7823F418F9BEAA000E618B /* Frameworks */,
				CD7823F318F9BEAA000E618B /* Products */,
			);
			sourceTree = "<group>";
		};
		CD7823F318F9BEAA000E618B /* Products */ = {
			isa = PBXGroup;
			children = (
				CD7823F218F9BEAA000E618B /* GATestProject.app */,
				CD78241618F9BEAA000E618B /* GATestProjectTests.xctest */,
			);
			name = Products;
			sourceTree = "<group>";
		};
		CD7823F418F9BEAA000E618B /* Frameworks */ = {
			isa = PBXGroup;
			children = (
				CD7823F518F9BEAA000E618B /* Foundation.framework */,
				CD7823F718F9BEAA000E618B /* CoreGraphics.framework */,
				CD7823F918F9BEAA000E618B /* UIKit.framework */,
				CD78241718F9BEAA000E618B /* XCTest.framework */,
			);
			name = Frameworks;
			sourceTree = "<group>";
		};
		CD7823FB18F9BEAA000E618B /* GATestProject */ = {
			isa = PBXGroup;
			children = (
				CD78240418F9BEAA000E618B /* GAAppDelegate.h */,
				CD78240518F9BEAA000E618B /* GAAppDelegate.m */,
				CD78240718F9BEAA000E618B /* Main_iPhone.storyboard */,
				CD78240A18F9BEAA000E618B /* Main_iPad.storyboard */,
				CD78240D18F9BEAA000E618B /* GAViewController.h */,
				CD78240E18F9BEAA000E618B /* GAViewController.m */,
				CD78241018F9BEAA000E618B /* Images.xcassets */,
				CD7823FC18F9BEAA000E618B /* Supporting Files */,
			);
			path = GATestProject;
			sourceTree = "<group>";
		};
		CD7823FC18F9BEAA000E618B /* Supporting Files */ = {
			isa = PBXGroup;
			children = (
				CD7823FD18F9BEAA000E618B /* GATestProject-Info.plist */,
				CD7823FE18F9BEAA000E618B /* InfoPlist.strings */,
				CD78240118F9BEAA000E618B /* main.m */,
				CD78240318F9BEAA000E618B /* GATestProject-Prefix.pch */,
			);
			name = "Supporting Files";
			sourceTree = "<group>";
		};
		CD78241D18F9BEAA000E618B /* GATestProjectTests */ = {
			isa = PBXGroup;
			children = (
				CD78242318F9BEAA000E618B /* GATestProjectTests.m */,
				CD78241E18F9BEAA000E618B /* Supporting Files */,
			);
			path = GATestProjectTests;
			sourceTree = "<group>";
		};
		CD78241E18F9BEAA000E618B /* Supporting Files */ = {
			isa = PBXGroup;
			children = (
				CD78241F18F9BEAA000E618B /* GATestProjectTests-Info.plist */,
				CD78242018F9BEAA000E618B /* InfoPlist.strings */,
			);
			name = "Supporting Files";
			sourceTree = "<group>";
		};
/* End PBXGroup section */

/* Begin PBXNativeTarget section */
		CD7823F118F9BEAA000E618B /* GATestProject */ = {
			isa = PBXNativeTarget;
			buildConfigurationList = CD78242718F9BEAA000E618B /* Build configuration list for PBXNativeTarget "GATestProject" */;
			buildPhases = (
				CD7823EE18F9BEAA000E618B /* Sources */,
				CD7823EF18F9BEAA000E618B /* Frameworks */,
				CD7823F018F9BEAA000E618B /* Resources */,
			);
			buildRules = (
			);
			dependencies = (
			);
			name = GATestProject;
			productName = GATestProject;
			productReference = CD7823F218F9BEAA000E618B /* GATestProject.app */;
			productType = "com.apple.product-type.application";
		};
		CD78241518F9BEAA000E618B /* GATestProjectTests */ = {
			isa = PBXNativeTarget;
			buildConfigurationList = CD78242A18F9BEAA000E618B /* Build configuration list for PBXNativeTarget "GATestProjectTests" */;
			buildPhases = (
				CD78241218F9BEAA000E618B /* Sources */,
				CD78241318F9BEAA000E618B /* Frameworks */,
				CD78241418F9BEAA000E618B /* Resources */,
			);
			buildRules = (
			);
			dependencies = (
				CD78241C18F9BEAA000E618B /* PBXTargetDependency */,
			);
			name = GATestProjectTests;
			productName = GATestProjectTests;
			productReference = CD78241618F9BEAA000E618B /* GATestProjectTests.xctest */;
			productType = "com.apple.product-type.bundle.unit-test";
		};
/* End PBXNativeTarget section */

/* Begin PBXProject section */
		CD7823EA18F9BEAA000E618B /* Project object */ = {
			isa = PBXProject;
			attributes = {
				CLASSPREFIX = GA;
				LastUpgradeCheck = 0510;
				ORGANIZATIONNAME = Test;
				TargetAttributes = {
					CD78241518F9BEAA000E618B = {
						TestTargetID = CD7823F118F9BEAA000E618B;
					};
				};
			};
			buildConfigurationList = CD7823ED18F9BEAA000E618B /* Build configuration list for PBXProject "GATestProject" */;
			compatibilityVersion = "Xcode 3.2";
			developmentRegion = English;
			hasScannedForEncodings = 0;
			knownRegions = (
				en,
				Base,
			);
			mainGroup = CD7823E918F9BEAA000E618B;
			productRefGroup = CD7823F318F9BEAA000E618B /* Products */;
			projectDirPath = "";
			projectRoot = "";
			targets = (
				CD7823F118F9BEAA000E618B /* GATestProject */,
				CD78241518F9BEAA000E618B /* GATestProjectTests */,
			);
		};
/* End PBXProject section */

/* Begin PBXResourcesBuildPhase section */
		CD7823F018F9BEAA000E618B /* Resources */ = {
			isa = PBXResourcesBuildPhase;
			buildActionMask = 2147483647;
			files = (
				CD78240C18F9BEAA000E618B /* Main_iPad.storyboard in Resources */,
				CD78241118F9BEAA000E618B /* Images.xcassets in Resources */,
				CD78240918F9BEAA000E618B /* Main_iPhone.storyboard in Resources */,
				CD78240018F9BEAA000E618B /* InfoPlist.strings in Resources */,
			);
			runOnlyForDeploymentPostprocessing = 0;
		};
		CD78241418F9BEAA000E618B /* Resources */ = {
			isa = PBXResourcesBuildPhase;
			buildActionMask = 2147483647;
			files = (
				CD78242218F9BEAA000E618B /* InfoPlist.strings in Resources */,
			);
			runOnlyForDeploymentPostprocessing = 0;
		};
/* End PBXResourcesBuildPhase section */

/* Begin PBXSourcesBuildPhase section */
		CD7823EE18F9BEAA000E618B /* Sources */ = {
			isa = PBXSourcesBuildPhase;
			buildActionMask = 2147483647;
			files = (
				CD78240618F9BEAA000E618B /* GAAppDelegate.m in Sources */,
				CD78240F18F9BEAA000E618B /* GAViewController.m in Sources */,
				CD78240218F9BEAA000E618B /* main.m in Sources */,
			);
			runOnlyForDeploymentPostprocessing = 0;
		};
		CD78241218F9BEAA000E618B /* Sources */ = {
			isa = PBXSourcesBuildPhase;
			buildActionMask = 2147483647;
			files = (
				CD78242418F9BEAA000E618B /* GATestProjectTests.m in Sources */,
			);
			runOnlyForDeploymentPostprocessing = 0;
		};
/* End PBXSourcesBuildPhase section */

/* Begin PBXTargetDependency section */
		CD78241C18F9BEAA000E618B /* PBXTargetDependency */ = {
			isa = PBXTargetDependency;
			target = CD7823F118F9BEAA000E618B /* GATestProject */;
			targetProxy = CD78241B18F9BEAA000E618B /* PBXContainerItemProxy */;
		};
/* End PBXTargetDependency section */

/* Begin PBXVariantGroup section */
		CD7823FE18F9BEAA000E618B /* InfoPlist.strings */ = {
			isa = PBXVariantGroup;
			children = (
				CD7823FF18F9BEAA000E618B /* en */,
			);
			name = InfoPlist.strings;
			sourceTree = "<group>";
		};
		CD78240718F9BEAA000E618B /* Main_iPhone.storyboard */ = {
			isa = PBXVariantGroup;
			children = (
				CD78240818F9BEAA000E618B /* Base */,
			);
			name = Main_iPhone.storyboard;
			sourceTree = "<group>";
		};
		CD78240A18F9BEAA000E618B /* Main_iPad.storyboard */ = {
			isa = PBXVariantGroup;
			children = (
				CD78240B18F9BEAA000E618B /* Base */,
			);
			name = Main_iPad.storyboard;
			sourceTree = "<group>";
		};
		CD78242018F9BEAA000E618B /* InfoPlist.strings */ = {
			isa = PBXVariantGroup;
			children = (
				CD78242118F9BEAA000E618B /* en */,
			);
			name = InfoPlist.strings;
			sourceTree = "<group>";
		};
/* End PBXVariantGroup section */

/* Begin XCBuildConfiguration section */
		CD78242518F9BEAA000E618B /* Debug */ = {
			isa = XCBuildConfiguration;
			buildSettings = {
				ALWAYS_SEARCH_USER_PATHS = NO;
				CLANG_CXX_LANGUAGE_STANDARD = "gnu++0x";
				CLANG_CXX_LIBRARY = "libc++";
				CLANG_ENABLE_MODULES = YES;
				CLANG_ENABLE_OBJC_ARC = YES;
				CLANG_WARN_BOOL_CONVERSION = YES;
				CLANG_WARN_CONSTANT_CONVERSION = YES;
				CLANG_WARN_DIRECT_OBJC_ISA_USAGE = YES_ERROR;
				CLANG_WARN_EMPTY_BODY = YES;
				CLANG_WARN_ENUM_CONVERSION = YES;
				CLANG_WARN_INT_CONVERSION = YES;
				CLANG_WARN_OBJC_ROOT_CLASS = YES_ERROR;
				CLANG_WARN__DUPLICATE_METHOD_MATCH = YES;
				"CODE_SIGN_IDENTITY[sdk=iphoneos*]" = "iPhone Developer";
				COPY_PHASE_STRIP = NO;
				GCC_C_LANGUAGE_STANDARD = gnu99;
				GCC_DYNAMIC_NO_PIC = NO;
				GCC_OPTIMIZATION_LEVEL = 0;
				GCC_PREPROCESSOR_DEFINITIONS = (
					"DEBUG=1",
					"$(inherited)",
				);
				GCC_SYMBOLS_PRIVATE_EXTERN = NO;
				GCC_WARN_64_TO_32_BIT_CONVERSION = YES;
				GCC_WARN_ABOUT_RETURN_TYPE = YES_ERROR;
				GCC_WARN_UNDECLARED_SELECTOR = YES;
				GCC_WARN_UNINITIALIZED_AUTOS = YES_AGGRESSIVE;
				GCC_WARN_UNUSED_FUNCTION = YES;
				GCC_WARN_UNUSED_VARIABLE = YES;
				IPHONEOS_DEPLOYMENT_TARGET = 7.1;
				ONLY_ACTIVE_ARCH = YES;
				SDKROOT = iphoneos;
				TARGETED_DEVICE_FAMILY = "1,2";
			};
			name = Debug;
		};
		CD78242618F9BEAA000E618B /* Release */ = {
			isa = XCBuildConfiguration;
			buildSettings = {
				ALWAYS_SEARCH_USER_PATHS = NO;
				CLANG_CXX_LANGUAGE_STANDARD = "gnu++0x";
				CLANG_CXX_LIBRARY = "libc++";
				CLANG_ENABLE_MODULES = YES;
				CLANG_ENABLE_OBJC_ARC = YES;
				CLANG_WARN_BOOL_CONVERSION = YES;
				CLANG_WARN_CONSTANT_CONVERSION = YES;
				CLANG_WARN_DIRECT_OBJC_ISA_USAGE = YES_ERROR;
				CLANG_WARN_EMPTY_BODY = YES;
				CLANG_WARN_ENUM_CONVERSION = YES;
				CLANG_WARN_INT_CONVERSION = YES;
				CLANG_WARN_OBJC_ROOT_CLASS = YES_ERROR;
				CLANG_WARN__DUPLICATE_METHOD_MATCH = YES;
				"CODE_SIGN_IDENTITY[sdk=iphoneos*]" = "iPhone Developer";
				COPY_PHASE_STRIP = YES;
				ENABLE_NS_ASSERTIONS = NO;
				GCC_C_LANGUAGE_STANDARD = gnu99;
				GCC_WARN_64_TO_32_BIT_CONVERSION = YES;
				GCC_WARN_ABOUT_RETURN_TYPE = YES_ERROR;
				GCC_WARN_UNDECLARED_SELECTOR = YES;
				GCC_WARN_UNINITIALIZED_AUTOS = YES_AGGRESSIVE;
				GCC_WARN_UNUSED_FUNCTION = YES;
				GCC_WARN_UNUSED_VARIABLE = YES;
				IPHONEOS_DEPLOYMENT_TARGET = 7.1;
				SDKROOT = iphoneos;
				TARGETED_DEVICE_FAMILY = "1,2";
				VALIDATE_PRODUCT = YES;
			};
			name = Release;
		};
		CD78242818F9BEAA000E618B /* Debug */ = {
			isa = XCBuildConfiguration;
			buildSettings = {
				ASSETCATALOG_COMPILER_APPICON_NAME = AppIcon;
				ASSETCATALOG_COMPILER_LAUNCHIMAGE_NAME = LaunchImage;
				GCC_PRECOMPILE_PREFIX_HEADER = YES;
				GCC_PREFIX_HEADER = "GATestProject/GATestProject-Prefix.pch";
				INFOPLIST_FILE = "GATestProject/GATestProject-Info.plist";
				PRODUCT_NAME = "$(TARGET_NAME)";
				WRAPPER_EXTENSION = app;
			};
			name = Debug;
		};
		CD78242918F9BEAA000E618B /* Release */ = {
			isa = XCBuildConfiguration;
			buildSettings = {
				ASSETCATALOG_COMPILER_APPICON_NAME = AppIcon;
				ASSETCATALOG_COMPILER_LAUNCHIMAGE_NAME = LaunchImage;
				GCC_PRECOMPILE_PREFIX_HEADER = YES;
				GCC_PREFIX_HEADER = "GATestProject/GATestProject-Prefix.pch";
				INFOPLIST_FILE = "GATestProject/GATestProject-Info.plist";
				PRODUCT_NAME = "$(TARGET_NAME)";
				WRAPPER_EXTENSION = app;
			};
			name = Release;
		};
		CD78242B18F9BEAA000E618B /* Debug */ = {
			isa = XCBuildConfiguration;
			buildSettings = {
				BUNDLE_LOADER = "$(BUILT_PRODUCTS_DIR)/GATestProject.app/GATestProject";
				FRAMEWORK_SEARCH_PATHS = (
					"$(SDKROOT)/Developer/Library/Frameworks",
					"$(inherited)",
					"$(DEVELOPER_FRAMEWORKS_DIR)",
				);
				GCC_PRECOMPILE_PREFIX_HEADER = YES;
				GCC_PREFIX_HEADER = "GATestProject/GATestProject-Prefix.pch";
				GCC_PREPROCESSOR_DEFINITIONS = (
					"DEBUG=1",
					"$(inherited)",
				);
				INFOPLIST_FILE = "GATestProjectTests/GATestProjectTests-Info.plist";
				PRODUCT_NAME = "$(TARGET_NAME)";
				TEST_HOST = "$(BUNDLE_LOADER)";
				WRAPPER_EXTENSION = xctest;
			};
			name = Debug;
		};
		CD78242C18F9BEAA000E618B /* Release */ = {
			isa = XCBuildConfiguration;
			buildSettings = {
				BUNDLE_LOADER = "$(BUILT_PRODUCTS_DIR)/GATestProject.app/GATestProject";
				FRAMEWORK_SEARCH_PATHS = (
					"$(SDKROOT)/Developer/Library/Frameworks",
					"$(inherited)",
					"$(DEVELOPER_FRAMEWORKS_DIR)",
				);
				GCC_PRECOMPILE_PREFIX_HEADER = YES;
				GCC_PREFIX_HEADER = "GATestProject/GATestProject-Prefix.pch";
				INFOPLIST_FILE = "GATestProjectTests/GATestProjectTests-Info.plist";
				PRODUCT_NAME = "$(TARGET_NAME)";
				TEST_HOST = "$(BUNDLE_LOADER)";
				WRAPPER_EXTENSION = xctest;
			};
			name = Release;
		};
/* End XCBuildConfiguration section */

/* Begin XCConfigurationList section */
		CD7823ED18F9BEAA000E618B /* Build configuration list for PBXProject "GATestProject" */ = {
			isa = XCConfigurationList;
			buildConfigurations = (
				CD78242518F9BEAA000E618B /* Debug */,
				CD78242618F9BEAA000E618B /* Release */,
			);
			defaultConfigurationIsVisible = 0;
			defaultConfigurationName = Release;
		};
		CD78242718F9BEAA000E618B /* Build configuration list for PBXNativeTarget "GATestProject" */ = {
			isa = XCConfigurationList;
			buildConfigurations = (
				CD78242818F9BEAA000E618B /* Debug */,
				CD78242918F9BEAA000E618B /* Release */,
			);
			defaultConfigurationIsVisible = 0;
		};
		CD78242A18F9BEAA000E618B /* Build configuration list for PBXNativeTarget "GATestProjectTests" */ = {
			isa = XCConfigurationList;
			buildConfigurations = (
				CD78242B18F9BEAA000E618B /* Debug */,
				CD78242C18F9BEAA000E618B /* Release */,
			);
			defaultConfigurationIsVisible = 0;
		};
/* End XCConfigurationList section */
	};
	rootObject = CD7823EA18F9BEAA000E618B /* Project object */;
}
